
Microsoft Visual Studio Solution File, Format Version 12.00
# Visual Studio Version 17
VisualStudioVersion = 17.7.34202.233
MinimumVisualStudioVersion = 10.0.40219.1
Project("{FAE04EC0-301F-11D3-BF4B-00C04F79EFBC}") = "testentity", "testentity\testentity.csproj", "{7891C354-380C-40E1-B82A-B5571168486F}"
EndProject
Global
	GlobalSection(SolutionConfigurationPlatforms) = preSolution
		Debug|Any CPU = Debug|Any CPU
		Release|Any CPU = Release|Any CPU
	EndGlobalSection
	GlobalSection(ProjectConfigurationPlatforms) = postSolution
		{7891C354-380C-40E1-B82A-B5571168486F}.Debug|Any CPU.ActiveCfg = Debug|Any CPU
		{7891C354-380C-40E1-B82A-B5571168486F}.Debug|Any CPU.Build.0 = Debug|Any CPU
		{7891C354-380C-40E1-B82A-B5571168486F}.Release|Any CPU.ActiveCfg = Release|Any CPU
		{7891C354-380C-40E1-B82A-B5571168486F}.Release|Any CPU.Build.0 = Release|Any CPU
	EndGlobalSection
	GlobalSection(SolutionProperties) = preSolution
		HideSolutionNode = FALSE
	EndGlobalSection
	GlobalSection(ExtensibilityGlobals) = postSolution
		SolutionGuid = {6350317C-007D-4A43-AEE8-AEFA176731FD}
	EndGlobalSection
EndGlobal
